
Microsoft Visual Studio Solution File, Format Version 12.00
# Visual Studio 15
VisualStudioVersion = 15.0.26730.16
MinimumVisualStudioVersion = 10.0.40219.1
Project("{FAE04EC0-301F-11D3-BF4B-00C04F79EFBC}") = "WebServer", "WebServer\WebServer.csproj", "{D2FA9A40-83F3-4576-8F04-185105BBA596}"
EndProject
Global
	GlobalSection(SolutionConfigurationPlatforms) = preSolution
		Debug|Any CPU = Debug|Any CPU
		Release|Any CPU = Release|Any CPU
	EndGlobalSection
	GlobalSection(ProjectConfigurationPlatforms) = postSolution
		{D2FA9A40-83F3-4576-8F04-185105BBA596}.Debug|Any CPU.ActiveCfg = Debug|Any CPU
		{D2FA9A40-83F3-4576-8F04-185105BBA596}.Debug|Any CPU.Build.0 = Debug|Any CPU
		{D2FA9A40-83F3-4576-8F04-185105BBA596}.Release|Any CPU.ActiveCfg = Release|Any CPU
		{D2FA9A40-83F3-4576-8F04-185105BBA596}.Release|Any CPU.Build.0 = Release|Any CPU
	EndGlobalSection
	GlobalSection(SolutionProperties) = preSolution
		HideSolutionNode = FALSE
	EndGlobalSection
	GlobalSection(ExtensibilityGlobals) = postSolution
		SolutionGuid = {50BE7FF8-4EAF-4BB0-95FE-1879BE9462B7}
	EndGlobalSection
EndGlobal
